// !$*UTF8*$!
{
	archiveVersion = 1;
	classes = {
	};
	objectVersion = 77;
	objects = {

/* Begin PBXBuildFile section */
		05C0F32B2E51239F008CF682 /* Auth in Frameworks */ = {isa = PBXBuildFile; productRef = 05C0F32A2E51239F008CF682 /* Auth */; };
		05C0F32D2E51239F008CF682 /* Functions in Frameworks */ = {isa = PBXBuildFile; productRef = 05C0F32C2E51239F008CF682 /* Functions */; };
		05C0F32F2E51239F008CF682 /* PostgREST in Frameworks */ = {isa = PBXBuildFile; productRef = 05C0F32E2E51239F008CF682 /* PostgREST */; };
		05C0F3312E51239F008CF682 /* Realtime in Frameworks */ = {isa = PBXBuildFile; productRef = 05C0F3302E51239F008CF682 /* Realtime */; };
		05C0F3332E51239F008CF682 /* Storage in Frameworks */ = {isa = PBXBuildFile; productRef = 05C0F3322E51239F008CF682 /* Storage */; };
		05C0F3362E5123D5008CF682 /* Cloudinary in Frameworks */ = {isa = PBXBuildFile; productRef = 05C0F3352E5123D5008CF682 /* Cloudinary */; };
		05C0F33B2E51C253008CF682 /* Supabase in Frameworks */ = {isa = PBXBuildFile; productRef = 05C0F33A2E51C253008CF682 /* Supabase */; };
/* End PBXBuildFile section */

/* Begin PBXContainerItemProxy section */
		056C8FDD2E4FEBB400D746BA /* PBXContainerItemProxy */ = {
			isa = PBXContainerItemProxy;
			containerPortal = 056C8FC72E4FEBB300D746BA /* Project object */;
			proxyType = 1;
			remoteGlobalIDString = 056C8FCE2E4FEBB300D746BA;
			remoteInfo = Scenic;
		};
		056C8FE72E4FEBB400D746BA /* PBXContainerItemProxy */ = {
			isa = PBXContainerItemProxy;
			containerPortal = 056C8FC72E4FEBB300D746BA /* Project object */;
			proxyType = 1;
			remoteGlobalIDString = 056C8FCE2E4FEBB300D746BA;
			remoteInfo = Scenic;
		};
/* End PBXContainerItemProxy section */

/* Begin PBXFileReference section */
		056C8FCF2E4FEBB300D746BA /* Scenic.app */ = {isa = PBXFileReference; explicitFileType = wrapper.application; includeInIndex = 0; path = Scenic.app; sourceTree = BUILT_PRODUCTS_DIR; };
		056C8FDC2E4FEBB400D746BA /* ScenicTests.xctest */ = {isa = PBXFileReference; explicitFileType = wrapper.cfbundle; includeInIndex = 0; path = ScenicTests.xctest; sourceTree = BUILT_PRODUCTS_DIR; };
		056C8FE62E4FEBB400D746BA /* ScenicUITests.xctest */ = {isa = PBXFileReference; explicitFileType = wrapper.cfbundle; includeInIndex = 0; path = ScenicUITests.xctest; sourceTree = BUILT_PRODUCTS_DIR; };
/* End PBXFileReference section */

/* Begin PBXFileSystemSynchronizedBuildFileExceptionSet section */
		056C90DA2E4FEC2600D746BA /* Exceptions for "Scenic" folder in "Scenic" target */ = {
			isa = PBXFileSystemSynchronizedBuildFileExceptionSet;
			membershipExceptions = (
				CLAUDE.md,
				"documents/files/explorer emoji.png",
				"documents/files/Scenic_AppIcon/AppIcon.appiconset/appicon_ios-marketing_1024@1x.png",
				"documents/files/Scenic_AppIcon/AppIcon.appiconset/appicon_ipad_20@1x.png",
				"documents/files/Scenic_AppIcon/AppIcon.appiconset/appicon_ipad_20@2x.png",
				"documents/files/Scenic_AppIcon/AppIcon.appiconset/appicon_ipad_40@1x.png",
				"documents/files/Scenic_AppIcon/AppIcon.appiconset/appicon_ipad_40@2x.png",
				"documents/files/Scenic_AppIcon/AppIcon.appiconset/appicon_ipad_76@1x.png",
				"documents/files/Scenic_AppIcon/AppIcon.appiconset/appicon_ipad_76@2x.png",
				"documents/files/Scenic_AppIcon/AppIcon.appiconset/appicon_ipad_83_5@2x.png",
				"documents/files/Scenic_AppIcon/AppIcon.appiconset/appicon_iphone_20@2x.png",
				"documents/files/Scenic_AppIcon/AppIcon.appiconset/appicon_iphone_20@3x.png",
				"documents/files/Scenic_AppIcon/AppIcon.appiconset/appicon_iphone_40@2x.png",
				"documents/files/Scenic_AppIcon/AppIcon.appiconset/appicon_iphone_40@3x.png",
				"documents/files/Scenic_AppIcon/AppIcon.appiconset/appicon_iphone_60@2x.png",
				"documents/files/Scenic_AppIcon/AppIcon.appiconset/appicon_iphone_60@3x.png",
				documents/files/Scenic_AppIcon/AppIcon.appiconset/Contents.json,
				documents/files/Scenic_AppIcon/Marketing_1024.png,
				documents/files/Scenic_AppIcon/Preview_180.png,
				documents/motivation.md,
				documents/Scenic_ADR_Architecture.md,
				documents/Scenic_Analytics_and_Event_Taxonomy.md,
				documents/Scenic_Data_Model_and_Flows.md,
				documents/Scenic_Database_Schema.md,
				documents/Scenic_Doc_Index.md,
				documents/scenic_lo_fi_wireframes_react_prototype.jsx,
				documents/Scenic_NFRs_and_Acceptance_Criteria.md,
				documents/Scenic_PRD.md,
				documents/Scenic_Project_Plan.md,
				documents/Scenic_Prototype_Project_Plan.md,
				documents/Scenic_UX_Screens.md,
				Info.plist,
				QUICK_SETUP.md,
				Scenic/Info.plist,
				ScenicDataModel.md,
				setup_coredata.sh,
			);
			target = 056C8FCE2E4FEBB300D746BA /* Scenic */;
		};
/* End PBXFileSystemSynchronizedBuildFileExceptionSet section */

/* Begin PBXFileSystemSynchronizedRootGroup section */
		056C8FD12E4FEBB300D746BA /* Scenic */ = {
			isa = PBXFileSystemSynchronizedRootGroup;
			exceptions = (
				056C90DA2E4FEC2600D746BA /* Exceptions for "Scenic" folder in "Scenic" target */,
			);
			path = Scenic;
			sourceTree = "<group>";
		};
		056C8FDF2E4FEBB400D746BA /* ScenicTests */ = {
			isa = PBXFileSystemSynchronizedRootGroup;
			path = ScenicTests;
			sourceTree = "<group>";
		};
		056C8FE92E4FEBB400D746BA /* ScenicUITests */ = {
			isa = PBXFileSystemSynchronizedRootGroup;
			path = ScenicUITests;
			sourceTree = "<group>";
		};
/* End PBXFileSystemSynchronizedRootGroup section */

/* Begin PBXFrameworksBuildPhase section */
		056C8FCC2E4FEBB300D746BA /* Frameworks */ = {
			isa = PBXFrameworksBuildPhase;
			buildActionMask = 2147483647;
			files = (
				05C0F33B2E51C253008CF682 /* Supabase in Frameworks */,
				05C0F32F2E51239F008CF682 /* PostgREST in Frameworks */,
				05C0F32D2E51239F008CF682 /* Functions in Frameworks */,
				05C0F3362E5123D5008CF682 /* Cloudinary in Frameworks */,
				05C0F32B2E51239F008CF682 /* Auth in Frameworks */,
				05C0F3332E51239F008CF682 /* Storage in Frameworks */,
				05C0F3312E51239F008CF682 /* Realtime in Frameworks */,
			);
			runOnlyForDeploymentPostprocessing = 0;
		};
		056C8FD92E4FEBB400D746BA /* Frameworks */ = {
			isa = PBXFrameworksBuildPhase;
			buildActionMask = 2147483647;
			files = (
			);
			runOnlyForDeploymentPostprocessing = 0;
		};
		056C8FE32E4FEBB400D746BA /* Frameworks */ = {
			isa = PBXFrameworksBuildPhase;
			buildActionMask = 2147483647;
			files = (
			);
			runOnlyForDeploymentPostprocessing = 0;
		};
/* End PBXFrameworksBuildPhase section */

/* Begin PBXGroup section */
		056C8FC62E4FEBB300D746BA = {
			isa = PBXGroup;
			children = (
				056C8FD12E4FEBB300D746BA /* Scenic */,
				056C8FDF2E4FEBB400D746BA /* ScenicTests */,
				056C8FE92E4FEBB400D746BA /* ScenicUITests */,
				05C0F3392E51C253008CF682 /* Frameworks */,
				056C8FD02E4FEBB300D746BA /* Products */,
			);
			sourceTree = "<group>";
		};
		056C8FD02E4FEBB300D746BA /* Products */ = {
			isa = PBXGroup;
			children = (
				056C8FCF2E4FEBB300D746BA /* Scenic.app */,
				056C8FDC2E4FEBB400D746BA /* ScenicTests.xctest */,
				056C8FE62E4FEBB400D746BA /* ScenicUITests.xctest */,
			);
			name = Products;
			sourceTree = "<group>";
		};
		05C0F3392E51C253008CF682 /* Frameworks */ = {
			isa = PBXGroup;
			children = (
			);
			name = Frameworks;
			sourceTree = "<group>";
		};
/* End PBXGroup section */

/* Begin PBXNativeTarget section */
		056C8FCE2E4FEBB300D746BA /* Scenic */ = {
			isa = PBXNativeTarget;
			buildConfigurationList = 056C8FF02E4FEBB400D746BA /* Build configuration list for PBXNativeTarget "Scenic" */;
			buildPhases = (
				056C8FCB2E4FEBB300D746BA /* Sources */,
				056C8FCC2E4FEBB300D746BA /* Frameworks */,
				056C8FCD2E4FEBB300D746BA /* Resources */,
			);
			buildRules = (
			);
			dependencies = (
			);
			fileSystemSynchronizedGroups = (
				056C8FD12E4FEBB300D746BA /* Scenic */,
			);
			name = Scenic;
			packageProductDependencies = (
				05C0F32A2E51239F008CF682 /* Auth */,
				05C0F32C2E51239F008CF682 /* Functions */,
				05C0F32E2E51239F008CF682 /* PostgREST */,
				05C0F3302E51239F008CF682 /* Realtime */,
				05C0F3322E51239F008CF682 /* Storage */,
				05C0F3352E5123D5008CF682 /* Cloudinary */,
				05C0F33A2E51C253008CF682 /* Supabase */,
			);
			productName = Scenic;
			productReference = 056C8FCF2E4FEBB300D746BA /* Scenic.app */;
			productType = "com.apple.product-type.application";
		};
		056C8FDB2E4FEBB400D746BA /* ScenicTests */ = {
			isa = PBXNativeTarget;
			buildConfigurationList = 056C8FF32E4FEBB400D746BA /* Build configuration list for PBXNativeTarget "ScenicTests" */;
			buildPhases = (
				056C8FD82E4FEBB400D746BA /* Sources */,
				056C8FD92E4FEBB400D746BA /* Frameworks */,
				056C8FDA2E4FEBB400D746BA /* Resources */,
			);
			buildRules = (
			);
			dependencies = (
				056C8FDE2E4FEBB400D746BA /* PBXTargetDependency */,
			);
			fileSystemSynchronizedGroups = (
				056C8FDF2E4FEBB400D746BA /* ScenicTests */,
			);
			name = ScenicTests;
			packageProductDependencies = (
			);
			productName = ScenicTests;
			productReference = 056C8FDC2E4FEBB400D746BA /* ScenicTests.xctest */;
			productType = "com.apple.product-type.bundle.unit-test";
		};
		056C8FE52E4FEBB400D746BA /* ScenicUITests */ = {
			isa = PBXNativeTarget;
			buildConfigurationList = 056C8FF62E4FEBB400D746BA /* Build configuration list for PBXNativeTarget "ScenicUITests" */;
			buildPhases = (
				056C8FE22E4FEBB400D746BA /* Sources */,
				056C8FE32E4FEBB400D746BA /* Frameworks */,
				056C8FE42E4FEBB400D746BA /* Resources */,
			);
			buildRules = (
			);
			dependencies = (
				056C8FE82E4FEBB400D746BA /* PBXTargetDependency */,
			);
			fileSystemSynchronizedGroups = (
				056C8FE92E4FEBB400D746BA /* ScenicUITests */,
			);
			name = ScenicUITests;
			packageProductDependencies = (
			);
			productName = ScenicUITests;
			productReference = 056C8FE62E4FEBB400D746BA /* ScenicUITests.xctest */;
			productType = "com.apple.product-type.bundle.ui-testing";
		};
/* End PBXNativeTarget section */

/* Begin PBXProject section */
		056C8FC72E4FEBB300D746BA /* Project object */ = {
			isa = PBXProject;
			attributes = {
				BuildIndependentTargetsInParallel = 1;
				LastSwiftUpdateCheck = 1640;
				LastUpgradeCheck = 1640;
				TargetAttributes = {
					056C8FCE2E4FEBB300D746BA = {
						CreatedOnToolsVersion = 16.4;
					};
					056C8FDB2E4FEBB400D746BA = {
						CreatedOnToolsVersion = 16.4;
						TestTargetID = 056C8FCE2E4FEBB300D746BA;
					};
					056C8FE52E4FEBB400D746BA = {
						CreatedOnToolsVersion = 16.4;
						TestTargetID = 056C8FCE2E4FEBB300D746BA;
					};
				};
			};
			buildConfigurationList = 056C8FCA2E4FEBB300D746BA /* Build configuration list for PBXProject "Scenic" */;
			developmentRegion = en;
			hasScannedForEncodings = 0;
			knownRegions = (
				en,
				Base,
			);
			mainGroup = 056C8FC62E4FEBB300D746BA;
			minimizedProjectReferenceProxies = 1;
			packageReferences = (
				05C0F3292E51239F008CF682 /* XCRemoteSwiftPackageReference "supabase-swift" */,
				05C0F3342E5123D5008CF682 /* XCRemoteSwiftPackageReference "cloudinary_ios" */,
			);
			preferredProjectObjectVersion = 77;
			productRefGroup = 056C8FD02E4FEBB300D746BA /* Products */;
			projectDirPath = "";
			projectRoot = "";
			targets = (
				056C8FCE2E4FEBB300D746BA /* Scenic */,
				056C8FDB2E4FEBB400D746BA /* ScenicTests */,
				056C8FE52E4FEBB400D746BA /* ScenicUITests */,
			);
		};
/* End PBXProject section */

/* Begin PBXResourcesBuildPhase section */
		056C8FCD2E4FEBB300D746BA /* Resources */ = {
			isa = PBXResourcesBuildPhase;
			buildActionMask = 2147483647;
			files = (
			);
			runOnlyForDeploymentPostprocessing = 0;
		};
		056C8FDA2E4FEBB400D746BA /* Resources */ = {
			isa = PBXResourcesBuildPhase;
			buildActionMask = 2147483647;
			files = (
			);
			runOnlyForDeploymentPostprocessing = 0;
		};
		056C8FE42E4FEBB400D746BA /* Resources */ = {
			isa = PBXResourcesBuildPhase;
			buildActionMask = 2147483647;
			files = (
			);
			runOnlyForDeploymentPostprocessing = 0;
		};
/* End PBXResourcesBuildPhase section */

/* Begin PBXSourcesBuildPhase section */
		056C8FCB2E4FEBB300D746BA /* Sources */ = {
			isa = PBXSourcesBuildPhase;
			buildActionMask = 2147483647;
			files = (
			);
			runOnlyForDeploymentPostprocessing = 0;
		};
		056C8FD82E4FEBB400D746BA /* Sources */ = {
			isa = PBXSourcesBuildPhase;
			buildActionMask = 2147483647;
			files = (
			);
			runOnlyForDeploymentPostprocessing = 0;
		};
		056C8FE22E4FEBB400D746BA /* Sources */ = {
			isa = PBXSourcesBuildPhase;
			buildActionMask = 2147483647;
			files = (
			);
			runOnlyForDeploymentPostprocessing = 0;
		};
/* End PBXSourcesBuildPhase section */

/* Begin PBXTargetDependency section */
		056C8FDE2E4FEBB400D746BA /* PBXTargetDependency */ = {
			isa = PBXTargetDependency;
			target = 056C8FCE2E4FEBB300D746BA /* Scenic */;
			targetProxy = 056C8FDD2E4FEBB400D746BA /* PBXContainerItemProxy */;
		};
		056C8FE82E4FEBB400D746BA /* PBXTargetDependency */ = {
			isa = PBXTargetDependency;
			target = 056C8FCE2E4FEBB300D746BA /* Scenic */;
			targetProxy = 056C8FE72E4FEBB400D746BA /* PBXContainerItemProxy */;
		};
/* End PBXTargetDependency section */

/* Begin XCBuildConfiguration section */
		056C8FEE2E4FEBB400D746BA /* Debug */ = {
			isa = XCBuildConfiguration;
			buildSettings = {
				ALWAYS_SEARCH_USER_PATHS = NO;
				ASSETCATALOG_COMPILER_GENERATE_SWIFT_ASSET_SYMBOL_EXTENSIONS = YES;
				CLANG_ANALYZER_NONNULL = YES;
				CLANG_ANALYZER_NUMBER_OBJECT_CONVERSION = YES_AGGRESSIVE;
				CLANG_CXX_LANGUAGE_STANDARD = "gnu++20";
				CLANG_ENABLE_MODULES = YES;
				CLANG_ENABLE_OBJC_ARC = YES;
				CLANG_ENABLE_OBJC_WEAK = YES;
				CLANG_WARN_BLOCK_CAPTURE_AUTORELEASING = YES;
				CLANG_WARN_BOOL_CONVERSION = YES;
				CLANG_WARN_COMMA = YES;
				CLANG_WARN_CONSTANT_CONVERSION = YES;
				CLANG_WARN_DEPRECATED_OBJC_IMPLEMENTATIONS = YES;
				CLANG_WARN_DIRECT_OBJC_ISA_USAGE = YES_ERROR;
				CLANG_WARN_DOCUMENTATION_COMMENTS = YES;
				CLANG_WARN_EMPTY_BODY = YES;
				CLANG_WARN_ENUM_CONVERSION = YES;
				CLANG_WARN_INFINITE_RECURSION = YES;
				CLANG_WARN_INT_CONVERSION = YES;
				CLANG_WARN_NON_LITERAL_NULL_CONVERSION = YES;
				CLANG_WARN_OBJC_IMPLICIT_RETAIN_SELF = YES;
				CLANG_WARN_OBJC_LITERAL_CONVERSION = YES;
				CLANG_WARN_OBJC_ROOT_CLASS = YES_ERROR;
				CLANG_WARN_QUOTED_INCLUDE_IN_FRAMEWORK_HEADER = YES;
				CLANG_WARN_RANGE_LOOP_ANALYSIS = YES;
				CLANG_WARN_STRICT_PROTOTYPES = YES;
				CLANG_WARN_SUSPICIOUS_MOVE = YES;
				CLANG_WARN_UNGUARDED_AVAILABILITY = YES_AGGRESSIVE;
				CLANG_WARN_UNREACHABLE_CODE = YES;
				CLANG_WARN__DUPLICATE_METHOD_MATCH = YES;
				COPY_PHASE_STRIP = NO;
				DEBUG_INFORMATION_FORMAT = dwarf;
				DEVELOPMENT_TEAM = 55VJA96VBJ;
				ENABLE_STRICT_OBJC_MSGSEND = YES;
				ENABLE_TESTABILITY = YES;
				ENABLE_USER_SCRIPT_SANDBOXING = YES;
				GCC_C_LANGUAGE_STANDARD = gnu17;
				GCC_DYNAMIC_NO_PIC = NO;
				GCC_NO_COMMON_BLOCKS = YES;
				GCC_OPTIMIZATION_LEVEL = 0;
				GCC_PREPROCESSOR_DEFINITIONS = (
					"DEBUG=1",
					"$(inherited)",
				);
				GCC_WARN_64_TO_32_BIT_CONVERSION = YES;
				GCC_WARN_ABOUT_RETURN_TYPE = YES_ERROR;
				GCC_WARN_UNDECLARED_SELECTOR = YES;
				GCC_WARN_UNINITIALIZED_AUTOS = YES_AGGRESSIVE;
				GCC_WARN_UNUSED_FUNCTION = YES;
				GCC_WARN_UNUSED_VARIABLE = YES;
				IPHONEOS_DEPLOYMENT_TARGET = 18.5;
				LOCALIZATION_PREFERS_STRING_CATALOGS = YES;
				MTL_ENABLE_DEBUG_INFO = INCLUDE_SOURCE;
				MTL_FAST_MATH = YES;
				ONLY_ACTIVE_ARCH = YES;
				SDKROOT = iphoneos;
				SWIFT_ACTIVE_COMPILATION_CONDITIONS = "DEBUG $(inherited)";
				SWIFT_OPTIMIZATION_LEVEL = "-Onone";
			};
			name = Debug;
		};
		056C8FEF2E4FEBB400D746BA /* Release */ = {
			isa = XCBuildConfiguration;
			buildSettings = {
				ALWAYS_SEARCH_USER_PATHS = NO;
				ASSETCATALOG_COMPILER_GENERATE_SWIFT_ASSET_SYMBOL_EXTENSIONS = YES;
				CLANG_ANALYZER_NONNULL = YES;
				CLANG_ANALYZER_NUMBER_OBJECT_CONVERSION = YES_AGGRESSIVE;
				CLANG_CXX_LANGUAGE_STANDARD = "gnu++20";
				CLANG_ENABLE_MODULES = YES;
				CLANG_ENABLE_OBJC_ARC = YES;
				CLANG_ENABLE_OBJC_WEAK = YES;
				CLANG_WARN_BLOCK_CAPTURE_AUTORELEASING = YES;
				CLANG_WARN_BOOL_CONVERSION = YES;
				CLANG_WARN_COMMA = YES;
				CLANG_WARN_CONSTANT_CONVERSION = YES;
				CLANG_WARN_DEPRECATED_OBJC_IMPLEMENTATIONS = YES;
				CLANG_WARN_DIRECT_OBJC_ISA_USAGE = YES_ERROR;
				CLANG_WARN_DOCUMENTATION_COMMENTS = YES;
				CLANG_WARN_EMPTY_BODY = YES;
				CLANG_WARN_ENUM_CONVERSION = YES;
				CLANG_WARN_INFINITE_RECURSION = YES;
				CLANG_WARN_INT_CONVERSION = YES;
				CLANG_WARN_NON_LITERAL_NULL_CONVERSION = YES;
				CLANG_WARN_OBJC_IMPLICIT_RETAIN_SELF = YES;
				CLANG_WARN_OBJC_LITERAL_CONVERSION = YES;
				CLANG_WARN_OBJC_ROOT_CLASS = YES_ERROR;
				CLANG_WARN_QUOTED_INCLUDE_IN_FRAMEWORK_HEADER = YES;
				CLANG_WARN_RANGE_LOOP_ANALYSIS = YES;
				CLANG_WARN_STRICT_PROTOTYPES = YES;
				CLANG_WARN_SUSPICIOUS_MOVE = YES;
				CLANG_WARN_UNGUARDED_AVAILABILITY = YES_AGGRESSIVE;
				CLANG_WARN_UNREACHABLE_CODE = YES;
				CLANG_WARN__DUPLICATE_METHOD_MATCH = YES;
				COPY_PHASE_STRIP = NO;
				DEBUG_INFORMATION_FORMAT = "dwarf-with-dsym";
				DEVELOPMENT_TEAM = 55VJA96VBJ;
				ENABLE_NS_ASSERTIONS = NO;
				ENABLE_STRICT_OBJC_MSGSEND = YES;
				ENABLE_USER_SCRIPT_SANDBOXING = YES;
				GCC_C_LANGUAGE_STANDARD = gnu17;
				GCC_NO_COMMON_BLOCKS = YES;
				GCC_WARN_64_TO_32_BIT_CONVERSION = YES;
				GCC_WARN_ABOUT_RETURN_TYPE = YES_ERROR;
				GCC_WARN_UNDECLARED_SELECTOR = YES;
				GCC_WARN_UNINITIALIZED_AUTOS = YES_AGGRESSIVE;
				GCC_WARN_UNUSED_FUNCTION = YES;
				GCC_WARN_UNUSED_VARIABLE = YES;
				IPHONEOS_DEPLOYMENT_TARGET = 18.5;
				LOCALIZATION_PREFERS_STRING_CATALOGS = YES;
				MTL_ENABLE_DEBUG_INFO = NO;
				MTL_FAST_MATH = YES;
				SDKROOT = iphoneos;
				SWIFT_COMPILATION_MODE = wholemodule;
				VALIDATE_PRODUCT = YES;
			};
			name = Release;
		};
		056C8FF12E4FEBB400D746BA /* Debug */ = {
			isa = XCBuildConfiguration;
			buildSettings = {
				ASSETCATALOG_COMPILER_ALTERNATE_APPICON_NAMES = "";
				ASSETCATALOG_COMPILER_APPICON_NAME = AppIcon;
				ASSETCATALOG_COMPILER_GLOBAL_ACCENT_COLOR_NAME = AccentColor;
				CODE_SIGN_ENTITLEMENTS = Scenic/Scenic.entitlements;
				CODE_SIGN_STYLE = Automatic;
				CURRENT_PROJECT_VERSION = 1;
				DEVELOPMENT_TEAM = 4HWX97H9Z2;
				ENABLE_PREVIEWS = YES;
				GENERATE_INFOPLIST_FILE = YES;
				INFOPLIST_FILE = Scenic/Info.plist;
				INFOPLIST_KEY_UIApplicationSceneManifest_Generation = YES;
				INFOPLIST_KEY_UIApplicationSupportsIndirectInputEvents = YES;
				INFOPLIST_KEY_UILaunchScreen_Generation = YES;
				INFOPLIST_KEY_UISupportedInterfaceOrientations_iPad = "UIInterfaceOrientationPortrait UIInterfaceOrientationPortraitUpsideDown UIInterfaceOrientationLandscapeLeft UIInterfaceOrientationLandscapeRight";
				INFOPLIST_KEY_UISupportedInterfaceOrientations_iPhone = "UIInterfaceOrientationPortrait UIInterfaceOrientationLandscapeLeft UIInterfaceOrientationLandscapeRight";
				LD_RUNPATH_SEARCH_PATHS = (
					"$(inherited)",
					"@executable_path/Frameworks",
				);
				MARKETING_VERSION = 1.0;
				PRODUCT_BUNDLE_IDENTIFIER = World.Scenic;
				PRODUCT_NAME = "$(TARGET_NAME)";
				SWIFT_EMIT_LOC_STRINGS = YES;
				SWIFT_VERSION = 5.0;
				TARGETED_DEVICE_FAMILY = "1,2";
			};
			name = Debug;
		};
		056C8FF22E4FEBB400D746BA /* Release */ = {
			isa = XCBuildConfiguration;
			buildSettings = {
				ASSETCATALOG_COMPILER_APPICON_NAME = AppIcon;
				ASSETCATALOG_COMPILER_GLOBAL_ACCENT_COLOR_NAME = AccentColor;
				CODE_SIGN_ENTITLEMENTS = Scenic/Scenic.entitlements;
				CODE_SIGN_STYLE = Automatic;
				CURRENT_PROJECT_VERSION = 1;
				DEVELOPMENT_TEAM = 4HWX97H9Z2;
				ENABLE_PREVIEWS = YES;
				GENERATE_INFOPLIST_FILE = YES;
				INFOPLIST_FILE = Scenic/Info.plist;
				INFOPLIST_KEY_UIApplicationSceneManifest_Generation = YES;
				INFOPLIST_KEY_UIApplicationSupportsIndirectInputEvents = YES;
				INFOPLIST_KEY_UILaunchScreen_Generation = YES;
				INFOPLIST_KEY_UISupportedInterfaceOrientations_iPad = "UIInterfaceOrientationPortrait UIInterfaceOrientationPortraitUpsideDown UIInterfaceOrientationLandscapeLeft UIInterfaceOrientationLandscapeRight";
				INFOPLIST_KEY_UISupportedInterfaceOrientations_iPhone = "UIInterfaceOrientationPortrait UIInterfaceOrientationLandscapeLeft UIInterfaceOrientationLandscapeRight";
				LD_RUNPATH_SEARCH_PATHS = (
					"$(inherited)",
					"@executable_path/Frameworks",
				);
				MARKETING_VERSION = 1.0;
				PRODUCT_BUNDLE_IDENTIFIER = World.Scenic;
				PRODUCT_NAME = "$(TARGET_NAME)";
				SWIFT_EMIT_LOC_STRINGS = YES;
				SWIFT_VERSION = 5.0;
				TARGETED_DEVICE_FAMILY = "1,2";
			};
			name = Release;
		};
		056C8FF42E4FEBB400D746BA /* Debug */ = {
			isa = XCBuildConfiguration;
			buildSettings = {
				BUNDLE_LOADER = "$(TEST_HOST)";
				CODE_SIGN_STYLE = Automatic;
				CURRENT_PROJECT_VERSION = 1;
				DEVELOPMENT_TEAM = 55VJA96VBJ;
				GENERATE_INFOPLIST_FILE = YES;
				IPHONEOS_DEPLOYMENT_TARGET = 18.5;
				MARKETING_VERSION = 1.0;
				PRODUCT_BUNDLE_IDENTIFIER = shirfamily.com.ScenicTests;
				PRODUCT_NAME = "$(TARGET_NAME)";
				SWIFT_EMIT_LOC_STRINGS = NO;
				SWIFT_VERSION = 5.0;
				TARGETED_DEVICE_FAMILY = "1,2";
				TEST_HOST = "$(BUILT_PRODUCTS_DIR)/Scenic.app/$(BUNDLE_EXECUTABLE_FOLDER_PATH)/Scenic";
			};
			name = Debug;
		};
		056C8FF52E4FEBB400D746BA /* Release */ = {
			isa = XCBuildConfiguration;
			buildSettings = {
				BUNDLE_LOADER = "$(TEST_HOST)";
				CODE_SIGN_STYLE = Automatic;
				CURRENT_PROJECT_VERSION = 1;
				DEVELOPMENT_TEAM = 55VJA96VBJ;
				GENERATE_INFOPLIST_FILE = YES;
				IPHONEOS_DEPLOYMENT_TARGET = 18.5;
				MARKETING_VERSION = 1.0;
				PRODUCT_BUNDLE_IDENTIFIER = shirfamily.com.ScenicTests;
				PRODUCT_NAME = "$(TARGET_NAME)";
				SWIFT_EMIT_LOC_STRINGS = NO;
				SWIFT_VERSION = 5.0;
				TARGETED_DEVICE_FAMILY = "1,2";
				TEST_HOST = "$(BUILT_PRODUCTS_DIR)/Scenic.app/$(BUNDLE_EXECUTABLE_FOLDER_PATH)/Scenic";
			};
			name = Release;
		};
		056C8FF72E4FEBB400D746BA /* Debug */ = {
			isa = XCBuildConfiguration;
			buildSettings = {
				CODE_SIGN_STYLE = Automatic;
				CURRENT_PROJECT_VERSION = 1;
				DEVELOPMENT_TEAM = 55VJA96VBJ;
				GENERATE_INFOPLIST_FILE = YES;
				MARKETING_VERSION = 1.0;
				PRODUCT_BUNDLE_IDENTIFIER = shirfamily.com.ScenicUITests;
				PRODUCT_NAME = "$(TARGET_NAME)";
				SWIFT_EMIT_LOC_STRINGS = NO;
				SWIFT_VERSION = 5.0;
				TARGETED_DEVICE_FAMILY = "1,2";
				TEST_TARGET_NAME = Scenic;
			};
			name = Debug;
		};
		056C8FF82E4FEBB400D746BA /* Release */ = {
			isa = XCBuildConfiguration;
			buildSettings = {
				CODE_SIGN_STYLE = Automatic;
				CURRENT_PROJECT_VERSION = 1;
				DEVELOPMENT_TEAM = 55VJA96VBJ;
				GENERATE_INFOPLIST_FILE = YES;
				MARKETING_VERSION = 1.0;
				PRODUCT_BUNDLE_IDENTIFIER = shirfamily.com.ScenicUITests;
				PRODUCT_NAME = "$(TARGET_NAME)";
				SWIFT_EMIT_LOC_STRINGS = NO;
				SWIFT_VERSION = 5.0;
				TARGETED_DEVICE_FAMILY = "1,2";
				TEST_TARGET_NAME = Scenic;
			};
			name = Release;
		};
/* End XCBuildConfiguration section */

/* Begin XCConfigurationList section */
		056C8FCA2E4FEBB300D746BA /* Build configuration list for PBXProject "Scenic" */ = {
			isa = XCConfigurationList;
			buildConfigurations = (
				056C8FEE2E4FEBB400D746BA /* Debug */,
				056C8FEF2E4FEBB400D746BA /* Release */,
			);
			defaultConfigurationIsVisible = 0;
			defaultConfigurationName = Release;
		};
		056C8FF02E4FEBB400D746BA /* Build configuration list for PBXNativeTarget "Scenic" */ = {
			isa = XCConfigurationList;
			buildConfigurations = (
				056C8FF12E4FEBB400D746BA /* Debug */,
				056C8FF22E4FEBB400D746BA /* Release */,
			);
			defaultConfigurationIsVisible = 0;
			defaultConfigurationName = Release;
		};
		056C8FF32E4FEBB400D746BA /* Build configuration list for PBXNativeTarget "ScenicTests" */ = {
			isa = XCConfigurationList;
			buildConfigurations = (
				056C8FF42E4FEBB400D746BA /* Debug */,
				056C8FF52E4FEBB400D746BA /* Release */,
			);
			defaultConfigurationIsVisible = 0;
			defaultConfigurationName = Release;
		};
		056C8FF62E4FEBB400D746BA /* Build configuration list for PBXNativeTarget "ScenicUITests" */ = {
			isa = XCConfigurationList;
			buildConfigurations = (
				056C8FF72E4FEBB400D746BA /* Debug */,
				056C8FF82E4FEBB400D746BA /* Release */,
			);
			defaultConfigurationIsVisible = 0;
			defaultConfigurationName = Release;
		};
/* End XCConfigurationList section */

/* Begin XCRemoteSwiftPackageReference section */
		05C0F3292E51239F008CF682 /* XCRemoteSwiftPackageReference "supabase-swift" */ = {
			isa = XCRemoteSwiftPackageReference;
			repositoryURL = "https://github.com/supabase/supabase-swift";
			requirement = {
				kind = upToNextMajorVersion;
				minimumVersion = 2.5.1;
			};
		};
		05C0F3342E5123D5008CF682 /* XCRemoteSwiftPackageReference "cloudinary_ios" */ = {
			isa = XCRemoteSwiftPackageReference;
			repositoryURL = "https://github.com/cloudinary/cloudinary_ios";
			requirement = {
				kind = upToNextMajorVersion;
				minimumVersion = 5.2.3;
			};
		};
/* End XCRemoteSwiftPackageReference section */

/* Begin XCSwiftPackageProductDependency section */
		05C0F32A2E51239F008CF682 /* Auth */ = {
			isa = XCSwiftPackageProductDependency;
			package = 05C0F3292E51239F008CF682 /* XCRemoteSwiftPackageReference "supabase-swift" */;
			productName = Auth;
		};
		05C0F32C2E51239F008CF682 /* Functions */ = {
			isa = XCSwiftPackageProductDependency;
			package = 05C0F3292E51239F008CF682 /* XCRemoteSwiftPackageReference "supabase-swift" */;
			productName = Functions;
		};
		05C0F32E2E51239F008CF682 /* PostgREST */ = {
			isa = XCSwiftPackageProductDependency;
			package = 05C0F3292E51239F008CF682 /* XCRemoteSwiftPackageReference "supabase-swift" */;
			productName = PostgREST;
		};
		05C0F3302E51239F008CF682 /* Realtime */ = {
			isa = XCSwiftPackageProductDependency;
			package = 05C0F3292E51239F008CF682 /* XCRemoteSwiftPackageReference "supabase-swift" */;
			productName = Realtime;
		};
		05C0F3322E51239F008CF682 /* Storage */ = {
			isa = XCSwiftPackageProductDependency;
			package = 05C0F3292E51239F008CF682 /* XCRemoteSwiftPackageReference "supabase-swift" */;
			productName = Storage;
		};
		05C0F3352E5123D5008CF682 /* Cloudinary */ = {
			isa = XCSwiftPackageProductDependency;
			package = 05C0F3342E5123D5008CF682 /* XCRemoteSwiftPackageReference "cloudinary_ios" */;
			productName = Cloudinary;
		};
		05C0F33A2E51C253008CF682 /* Supabase */ = {
			isa = XCSwiftPackageProductDependency;
			package = 05C0F3292E51239F008CF682 /* XCRemoteSwiftPackageReference "supabase-swift" */;
			productName = Supabase;
		};
/* End XCSwiftPackageProductDependency section */
	};
	rootObject = 056C8FC72E4FEBB300D746BA /* Project object */;
}
