// !$*UTF8*$!
{
	archiveVersion = 1;
	classes = {
	};
	objectVersion = 77;
	objects = {

/* Begin PBXBuildFile section */
		052DA2072E4BAA5000ABB719 /* Media.swift in Sources */ = {isa = PBXBuildFile; fileRef = 052DA1D22E4BAA5000ABB719 /* Media.swift */; };
		052DA2082E4BAA5000ABB719 /* SpotDetailView.swift in Sources */ = {isa = PBXBuildFile; fileRef = 052DA2022E4BAA5000ABB719 /* SpotDetailView.swift */; };
		052DA20A2E4BAA5000ABB719 /* CommentRow.swift in Sources */ = {isa = PBXBuildFile; fileRef = 052DA1EE2E4BAA5000ABB719 /* CommentRow.swift */; };
		052DA20B2E4BAA5000ABB719 /* JournalView.swift in Sources */ = {isa = PBXBuildFile; fileRef = 052DA1F82E4BAA5000ABB719 /* JournalView.swift */; };
		052DA20C2E4BAA5000ABB719 /* SunSnapshot.swift in Sources */ = {isa = PBXBuildFile; fileRef = 052DA1D52E4BAA5000ABB719 /* SunSnapshot.swift */; };
		052DA20D2E4BAA5000ABB719 /* ExifDataView.swift in Sources */ = {isa = PBXBuildFile; fileRef = 052DA1EF2E4BAA5000ABB719 /* ExifDataView.swift */; };
		052DA20E2E4BAA5000ABB719 /* AccessInfo.swift in Sources */ = {isa = PBXBuildFile; fileRef = 052DA1D02E4BAA5000ABB719 /* AccessInfo.swift */; };
		052DA2102E4BAA5000ABB719 /* FilterView.swift in Sources */ = {isa = PBXBuildFile; fileRef = 052DA1F32E4BAA5000ABB719 /* FilterView.swift */; };
		052DA2112E4BAA5000ABB719 /* PlansView.swift in Sources */ = {isa = PBXBuildFile; fileRef = 052DA1FC2E4BAA5000ABB719 /* PlansView.swift */; };
		052DA2122E4BAA5000ABB719 /* ContentView.swift in Sources */ = {isa = PBXBuildFile; fileRef = 052DA1CD2E4BAA5000ABB719 /* ContentView.swift */; };
		052DA2132E4BAA5000ABB719 /* Spot.swift in Sources */ = {isa = PBXBuildFile; fileRef = 052DA1D42E4BAA5000ABB719 /* Spot.swift */; };
		052DA2142E4BAA5000ABB719 /* Plan.swift in Sources */ = {isa = PBXBuildFile; fileRef = 052DA1D32E4BAA5000ABB719 /* Plan.swift */; };
		052DA2152E4BAA5000ABB719 /* Comment.swift in Sources */ = {isa = PBXBuildFile; fileRef = 052DA1D12E4BAA5000ABB719 /* Comment.swift */; };
		052DA2162E4BAA5000ABB719 /* CreatePlanView.swift in Sources */ = {isa = PBXBuildFile; fileRef = 052DA1FA2E4BAA5000ABB719 /* CreatePlanView.swift */; };
		052DA2182E4BAA5000ABB719 /* SettingsView.swift in Sources */ = {isa = PBXBuildFile; fileRef = 052DA1FF2E4BAA5000ABB719 /* SettingsView.swift */; };
		052DA2192E4BAA5000ABB719 /* ProfileView.swift in Sources */ = {isa = PBXBuildFile; fileRef = 052DA1FE2E4BAA5000ABB719 /* ProfileView.swift */; };
		052DA21A2E4BAA5000ABB719 /* AddSpotView.swift in Sources */ = {isa = PBXBuildFile; fileRef = 052DA1E82E4BAA5000ABB719 /* AddSpotView.swift */; };
		052DA21B2E4BAA5000ABB719 /* SpotListView.swift in Sources */ = {isa = PBXBuildFile; fileRef = 052DA1F62E4BAA5000ABB719 /* SpotListView.swift */; };
		052DA21C2E4BAA5000ABB719 /* HomeView.swift in Sources */ = {isa = PBXBuildFile; fileRef = 052DA1F42E4BAA5000ABB719 /* HomeView.swift */; };
		052DA21D2E4BAA5000ABB719 /* PlanDetailView.swift in Sources */ = {isa = PBXBuildFile; fileRef = 052DA1FB2E4BAA5000ABB719 /* PlanDetailView.swift */; };
		052DA21F2E4BAA5000ABB719 /* User.swift in Sources */ = {isa = PBXBuildFile; fileRef = 052DA1D62E4BAA5000ABB719 /* User.swift */; };
		052DA2202E4BAA5000ABB719 /* RouteStep.swift in Sources */ = {isa = PBXBuildFile; fileRef = 052DA1EB2E4BAA5000ABB719 /* RouteStep.swift */; };
		052DA2212E4BAA5000ABB719 /* MapView.swift in Sources */ = {isa = PBXBuildFile; fileRef = 052DA1F52E4BAA5000ABB719 /* MapView.swift */; };
		052DA2222E4BAA5000ABB719 /* MetadataConfirmStep.swift in Sources */ = {isa = PBXBuildFile; fileRef = 052DA1E92E4BAA5000ABB719 /* MetadataConfirmStep.swift */; };
		052DA2242E4BAA5000ABB719 /* AddToPlanView.swift in Sources */ = {isa = PBXBuildFile; fileRef = 052DA2012E4BAA5000ABB719 /* AddToPlanView.swift */; };
		052DA2252E4BAA5000ABB719 /* WeatherSnapshot.swift in Sources */ = {isa = PBXBuildFile; fileRef = 052DA1D72E4BAA5000ABB719 /* WeatherSnapshot.swift */; };
		052DA2262E4BAA5000ABB719 /* ScenicApp.swift in Sources */ = {isa = PBXBuildFile; fileRef = 052DA1CE2E4BAA5000ABB719 /* ScenicApp.swift */; };
		052DA2272E4BAA5000ABB719 /* PublishStep.swift in Sources */ = {isa = PBXBuildFile; fileRef = 052DA1EA2E4BAA5000ABB719 /* PublishStep.swift */; };
		052DA2282E4BAA5000ABB719 /* SunTimesWidget.swift in Sources */ = {isa = PBXBuildFile; fileRef = 052DA1F02E4BAA5000ABB719 /* SunTimesWidget.swift */; };
		052DA2292E4BAA5000ABB719 /* AppState.swift in Sources */ = {isa = PBXBuildFile; fileRef = 052DA1CC2E4BAA5000ABB719 /* AppState.swift */; };
		052DA22A2E4BAA5000ABB719 /* WeatherWidget.swift in Sources */ = {isa = PBXBuildFile; fileRef = 052DA1F12E4BAA5000ABB719 /* WeatherWidget.swift */; };
		052DA22B2E4BAA5000ABB719 /* AccessInfoView.swift in Sources */ = {isa = PBXBuildFile; fileRef = 052DA1ED2E4BAA5000ABB719 /* AccessInfoView.swift */; };
		052DA22F2E4BB3FF00ABB719 /* PhotoMetadataExtractor.swift in Sources */ = {isa = PBXBuildFile; fileRef = 052DA22E2E4BB3FF00ABB719 /* PhotoMetadataExtractor.swift */; };
		052DA23A2E4E0CC900ABB719 /* PersistenceController.swift in Sources */ = {isa = PBXBuildFile; fileRef = 052DA2372E4E0CC900ABB719 /* PersistenceController.swift */; };
		052DA23D2E4E0D7E00ABB719 /* ScenicDataModel.xcdatamodeld in Sources */ = {isa = PBXBuildFile; fileRef = 052DA23B2E4E0D7E00ABB719 /* ScenicDataModel.xcdatamodeld */; };
		052DA24F2E4E193200ABB719 /* CDSunSnapshot+Extensions.swift in Sources */ = {isa = PBXBuildFile; fileRef = 052DA24D2E4E193200ABB719 /* CDSunSnapshot+Extensions.swift */; };
		052DA2512E4E193200ABB719 /* CDWeatherSnapshot+Extensions.swift in Sources */ = {isa = PBXBuildFile; fileRef = 052DA24E2E4E193200ABB719 /* CDWeatherSnapshot+Extensions.swift */; };
		052DA2522E4E193200ABB719 /* CDAccessInfo+Extensions.swift in Sources */ = {isa = PBXBuildFile; fileRef = 052DA24A2E4E193200ABB719 /* CDAccessInfo+Extensions.swift */; };
		052DA2532E4E193200ABB719 /* CDMedia+Extensions.swift in Sources */ = {isa = PBXBuildFile; fileRef = 052DA24B2E4E193200ABB719 /* CDMedia+Extensions.swift */; };
		052DA2552E4E194000ABB719 /* SpotDataService.swift in Sources */ = {isa = PBXBuildFile; fileRef = 052DA2542E4E194000ABB719 /* SpotDataService.swift */; };
		052DA2562E4E194100ABB719 /* PhotoLoader.swift in Sources */ = {isa = PBXBuildFile; fileRef = 052DA2572E4E194100ABB719 /* PhotoLoader.swift */; };
		052DA2582E4E194200ABB719 /* PhotoCacheService.swift in Sources */ = {isa = PBXBuildFile; fileRef = 052DA2592E4E194200ABB719 /* PhotoCacheService.swift */; };
		052DA25A2E4E194300ABB719 /* CDSpot+Extensions.swift in Sources */ = {isa = PBXBuildFile; fileRef = 052DA25B2E4E194300ABB719 /* CDSpot+Extensions.swift */; };
		054BB2F42E4E641200CA52C4 /* CachedPhotoView.swift in Sources */ = {isa = PBXBuildFile; fileRef = 054BB2F12E4E641200CA52C4 /* CachedPhotoView.swift */; };
		054BB2F52E4E641200CA52C4 /* AsyncPhotoView.swift in Sources */ = {isa = PBXBuildFile; fileRef = 054BB2F02E4E641200CA52C4 /* AsyncPhotoView.swift */; };
		054BB2F62E4E641200CA52C4 /* UnifiedPhotoView.swift in Sources */ = {isa = PBXBuildFile; fileRef = 054BB2F22E4E641200CA52C4 /* UnifiedPhotoView.swift */; };
/* End PBXBuildFile section */

/* Begin PBXContainerItemProxy section */
		052DA1AE2E4B9F4700ABB719 /* PBXContainerItemProxy */ = {
			isa = PBXContainerItemProxy;
			containerPortal = 052DA1982E4B9F4600ABB719 /* Project object */;
			proxyType = 1;
			remoteGlobalIDString = 052DA19F2E4B9F4600ABB719;
			remoteInfo = Scenic;
		};
		052DA1B82E4B9F4700ABB719 /* PBXContainerItemProxy */ = {
			isa = PBXContainerItemProxy;
			containerPortal = 052DA1982E4B9F4600ABB719 /* Project object */;
			proxyType = 1;
			remoteGlobalIDString = 052DA19F2E4B9F4600ABB719;
			remoteInfo = Scenic;
		};
/* End PBXContainerItemProxy section */

/* Begin PBXFileReference section */
		052DA1A02E4B9F4600ABB719 /* Scenic.app */ = {isa = PBXFileReference; explicitFileType = wrapper.application; includeInIndex = 0; path = Scenic.app; sourceTree = BUILT_PRODUCTS_DIR; };
		052DA1AD2E4B9F4700ABB719 /* ScenicTests.xctest */ = {isa = PBXFileReference; explicitFileType = wrapper.cfbundle; includeInIndex = 0; path = ScenicTests.xctest; sourceTree = BUILT_PRODUCTS_DIR; };
		052DA1B72E4B9F4700ABB719 /* ScenicUITests.xctest */ = {isa = PBXFileReference; explicitFileType = wrapper.cfbundle; includeInIndex = 0; path = ScenicUITests.xctest; sourceTree = BUILT_PRODUCTS_DIR; };
		052DA1CC2E4BAA5000ABB719 /* AppState.swift */ = {isa = PBXFileReference; lastKnownFileType = sourcecode.swift; path = AppState.swift; sourceTree = "<group>"; };
		052DA1CD2E4BAA5000ABB719 /* ContentView.swift */ = {isa = PBXFileReference; lastKnownFileType = sourcecode.swift; path = ContentView.swift; sourceTree = "<group>"; };
		052DA1CE2E4BAA5000ABB719 /* ScenicApp.swift */ = {isa = PBXFileReference; lastKnownFileType = sourcecode.swift; path = ScenicApp.swift; sourceTree = "<group>"; };
		052DA1D02E4BAA5000ABB719 /* AccessInfo.swift */ = {isa = PBXFileReference; lastKnownFileType = sourcecode.swift; path = AccessInfo.swift; sourceTree = "<group>"; };
		052DA1D12E4BAA5000ABB719 /* Comment.swift */ = {isa = PBXFileReference; lastKnownFileType = sourcecode.swift; path = Comment.swift; sourceTree = "<group>"; };
		052DA1D22E4BAA5000ABB719 /* Media.swift */ = {isa = PBXFileReference; lastKnownFileType = sourcecode.swift; path = Media.swift; sourceTree = "<group>"; };
		052DA1D32E4BAA5000ABB719 /* Plan.swift */ = {isa = PBXFileReference; lastKnownFileType = sourcecode.swift; path = Plan.swift; sourceTree = "<group>"; };
		052DA1D42E4BAA5000ABB719 /* Spot.swift */ = {isa = PBXFileReference; lastKnownFileType = sourcecode.swift; path = Spot.swift; sourceTree = "<group>"; };
		052DA1D52E4BAA5000ABB719 /* SunSnapshot.swift */ = {isa = PBXFileReference; lastKnownFileType = sourcecode.swift; path = SunSnapshot.swift; sourceTree = "<group>"; };
		052DA1D62E4BAA5000ABB719 /* User.swift */ = {isa = PBXFileReference; lastKnownFileType = sourcecode.swift; path = User.swift; sourceTree = "<group>"; };
		052DA1D72E4BAA5000ABB719 /* WeatherSnapshot.swift */ = {isa = PBXFileReference; lastKnownFileType = sourcecode.swift; path = WeatherSnapshot.swift; sourceTree = "<group>"; };
		052DA1DA2E4BAA5000ABB719 /* Assets.xcassets */ = {isa = PBXFileReference; lastKnownFileType = folder.assetcatalog; path = Assets.xcassets; sourceTree = "<group>"; };
		052DA1DC2E4BAA5000ABB719 /* Info.plist */ = {isa = PBXFileReference; lastKnownFileType = text.plist.xml; path = Info.plist; sourceTree = "<group>"; };
		052DA1DF2E4BAA5000ABB719 /* Scenic.xcodeproj */ = {isa = PBXFileReference; lastKnownFileType = "wrapper.pb-project"; path = Scenic.xcodeproj; sourceTree = "<group>"; };
		052DA1E82E4BAA5000ABB719 /* AddSpotView.swift */ = {isa = PBXFileReference; lastKnownFileType = sourcecode.swift; path = AddSpotView.swift; sourceTree = "<group>"; };
		052DA1E92E4BAA5000ABB719 /* MetadataConfirmStep.swift */ = {isa = PBXFileReference; lastKnownFileType = sourcecode.swift; path = MetadataConfirmStep.swift; sourceTree = "<group>"; };
		052DA1EA2E4BAA5000ABB719 /* PublishStep.swift */ = {isa = PBXFileReference; lastKnownFileType = sourcecode.swift; path = PublishStep.swift; sourceTree = "<group>"; };
		052DA1EB2E4BAA5000ABB719 /* RouteStep.swift */ = {isa = PBXFileReference; lastKnownFileType = sourcecode.swift; path = RouteStep.swift; sourceTree = "<group>"; };
		052DA1ED2E4BAA5000ABB719 /* AccessInfoView.swift */ = {isa = PBXFileReference; lastKnownFileType = sourcecode.swift; path = AccessInfoView.swift; sourceTree = "<group>"; };
		052DA1EE2E4BAA5000ABB719 /* CommentRow.swift */ = {isa = PBXFileReference; lastKnownFileType = sourcecode.swift; path = CommentRow.swift; sourceTree = "<group>"; };
		052DA1EF2E4BAA5000ABB719 /* ExifDataView.swift */ = {isa = PBXFileReference; lastKnownFileType = sourcecode.swift; path = ExifDataView.swift; sourceTree = "<group>"; };
		052DA1F02E4BAA5000ABB719 /* SunTimesWidget.swift */ = {isa = PBXFileReference; lastKnownFileType = sourcecode.swift; path = SunTimesWidget.swift; sourceTree = "<group>"; };
		052DA1F12E4BAA5000ABB719 /* WeatherWidget.swift */ = {isa = PBXFileReference; lastKnownFileType = sourcecode.swift; path = WeatherWidget.swift; sourceTree = "<group>"; };
		052DA1F32E4BAA5000ABB719 /* FilterView.swift */ = {isa = PBXFileReference; lastKnownFileType = sourcecode.swift; path = FilterView.swift; sourceTree = "<group>"; };
		052DA1F42E4BAA5000ABB719 /* HomeView.swift */ = {isa = PBXFileReference; lastKnownFileType = sourcecode.swift; path = HomeView.swift; sourceTree = "<group>"; };
		052DA1F52E4BAA5000ABB719 /* MapView.swift */ = {isa = PBXFileReference; lastKnownFileType = sourcecode.swift; path = MapView.swift; sourceTree = "<group>"; };
		052DA1F62E4BAA5000ABB719 /* SpotListView.swift */ = {isa = PBXFileReference; lastKnownFileType = sourcecode.swift; path = SpotListView.swift; sourceTree = "<group>"; };
		052DA1F82E4BAA5000ABB719 /* JournalView.swift */ = {isa = PBXFileReference; lastKnownFileType = sourcecode.swift; path = JournalView.swift; sourceTree = "<group>"; };
		052DA1FA2E4BAA5000ABB719 /* CreatePlanView.swift */ = {isa = PBXFileReference; lastKnownFileType = sourcecode.swift; path = CreatePlanView.swift; sourceTree = "<group>"; };
		052DA1FB2E4BAA5000ABB719 /* PlanDetailView.swift */ = {isa = PBXFileReference; lastKnownFileType = sourcecode.swift; path = PlanDetailView.swift; sourceTree = "<group>"; };
		052DA1FC2E4BAA5000ABB719 /* PlansView.swift */ = {isa = PBXFileReference; lastKnownFileType = sourcecode.swift; path = PlansView.swift; sourceTree = "<group>"; };
		052DA1FE2E4BAA5000ABB719 /* ProfileView.swift */ = {isa = PBXFileReference; lastKnownFileType = sourcecode.swift; path = ProfileView.swift; sourceTree = "<group>"; };
		052DA1FF2E4BAA5000ABB719 /* SettingsView.swift */ = {isa = PBXFileReference; lastKnownFileType = sourcecode.swift; path = SettingsView.swift; sourceTree = "<group>"; };
		052DA2012E4BAA5000ABB719 /* AddToPlanView.swift */ = {isa = PBXFileReference; lastKnownFileType = sourcecode.swift; path = AddToPlanView.swift; sourceTree = "<group>"; };
		052DA2022E4BAA5000ABB719 /* SpotDetailView.swift */ = {isa = PBXFileReference; lastKnownFileType = sourcecode.swift; path = SpotDetailView.swift; sourceTree = "<group>"; };
		052DA22E2E4BB3FF00ABB719 /* PhotoMetadataExtractor.swift */ = {isa = PBXFileReference; lastKnownFileType = sourcecode.swift; path = PhotoMetadataExtractor.swift; sourceTree = "<group>"; };
		052DA2372E4E0CC900ABB719 /* PersistenceController.swift */ = {isa = PBXFileReference; lastKnownFileType = sourcecode.swift; path = PersistenceController.swift; sourceTree = "<group>"; };
		052DA23C2E4E0D7E00ABB719 /* ScenicDataModel.xcdatamodel */ = {isa = PBXFileReference; lastKnownFileType = wrapper.xcdatamodel; path = ScenicDataModel.xcdatamodel; sourceTree = "<group>"; };
		052DA24A2E4E193200ABB719 /* CDAccessInfo+Extensions.swift */ = {isa = PBXFileReference; lastKnownFileType = sourcecode.swift; path = "CDAccessInfo+Extensions.swift"; sourceTree = "<group>"; };
		052DA24B2E4E193200ABB719 /* CDMedia+Extensions.swift */ = {isa = PBXFileReference; lastKnownFileType = sourcecode.swift; path = "CDMedia+Extensions.swift"; sourceTree = "<group>"; };
		052DA24D2E4E193200ABB719 /* CDSunSnapshot+Extensions.swift */ = {isa = PBXFileReference; lastKnownFileType = sourcecode.swift; path = "CDSunSnapshot+Extensions.swift"; sourceTree = "<group>"; };
		052DA24E2E4E193200ABB719 /* CDWeatherSnapshot+Extensions.swift */ = {isa = PBXFileReference; lastKnownFileType = sourcecode.swift; path = "CDWeatherSnapshot+Extensions.swift"; sourceTree = "<group>"; };
		052DA2542E4E194000ABB719 /* SpotDataService.swift */ = {isa = PBXFileReference; lastKnownFileType = sourcecode.swift; path = SpotDataService.swift; sourceTree = "<group>"; };
		052DA2572E4E194100ABB719 /* PhotoLoader.swift */ = {isa = PBXFileReference; lastKnownFileType = sourcecode.swift; path = PhotoLoader.swift; sourceTree = "<group>"; };
		052DA2592E4E194200ABB719 /* PhotoCacheService.swift */ = {isa = PBXFileReference; lastKnownFileType = sourcecode.swift; path = PhotoCacheService.swift; sourceTree = "<group>"; };
		052DA25B2E4E194300ABB719 /* CDSpot+Extensions.swift */ = {isa = PBXFileReference; lastKnownFileType = sourcecode.swift; path = "CDSpot+Extensions.swift"; sourceTree = "<group>"; };
		054BB2F02E4E641200CA52C4 /* AsyncPhotoView.swift */ = {isa = PBXFileReference; lastKnownFileType = sourcecode.swift; path = AsyncPhotoView.swift; sourceTree = "<group>"; };
		054BB2F12E4E641200CA52C4 /* CachedPhotoView.swift */ = {isa = PBXFileReference; lastKnownFileType = sourcecode.swift; path = CachedPhotoView.swift; sourceTree = "<group>"; };
		054BB2F22E4E641200CA52C4 /* UnifiedPhotoView.swift */ = {isa = PBXFileReference; lastKnownFileType = sourcecode.swift; path = UnifiedPhotoView.swift; sourceTree = "<group>"; };
/* End PBXFileReference section */

/* Begin PBXFileSystemSynchronizedBuildFileExceptionSet section */
		052DA1CB2E4B9FCF00ABB719 /* Exceptions for "Scenic" folder in "Scenic" target */ = {
			isa = PBXFileSystemSynchronizedBuildFileExceptionSet;
			membershipExceptions = (
				Assets.xcassets,
				Info.plist,
			);
			target = 052DA19F2E4B9F4600ABB719 /* Scenic */;
		};
/* End PBXFileSystemSynchronizedBuildFileExceptionSet section */

/* Begin PBXFileSystemSynchronizedRootGroup section */
		052DA1A22E4B9F4600ABB719 /* Scenic */ = {
			isa = PBXFileSystemSynchronizedRootGroup;
			exceptions = (
				052DA1CB2E4B9FCF00ABB719 /* Exceptions for "Scenic" folder in "Scenic" target */,
			);
			path = Scenic;
			sourceTree = "<group>";
		};
/* End PBXFileSystemSynchronizedRootGroup section */

/* Begin PBXFrameworksBuildPhase section */
		052DA19D2E4B9F4600ABB719 /* Frameworks */ = {
			isa = PBXFrameworksBuildPhase;
			buildActionMask = 2147483647;
			files = (
			);
			runOnlyForDeploymentPostprocessing = 0;
		};
		052DA1AA2E4B9F4700ABB719 /* Frameworks */ = {
			isa = PBXFrameworksBuildPhase;
			buildActionMask = 2147483647;
			files = (
			);
			runOnlyForDeploymentPostprocessing = 0;
		};
		052DA1B42E4B9F4700ABB719 /* Frameworks */ = {
			isa = PBXFrameworksBuildPhase;
			buildActionMask = 2147483647;
			files = (
			);
			runOnlyForDeploymentPostprocessing = 0;
		};
/* End PBXFrameworksBuildPhase section */

/* Begin PBXGroup section */
		052DA1972E4B9F4600ABB719 = {
			isa = PBXGroup;
			children = (
				052DA24A2E4E193200ABB719 /* CDAccessInfo+Extensions.swift */,
				052DA24B2E4E193200ABB719 /* CDMedia+Extensions.swift */,
				052DA25B2E4E194300ABB719 /* CDSpot+Extensions.swift */,
				052DA24D2E4E193200ABB719 /* CDSunSnapshot+Extensions.swift */,
				052DA24E2E4E193200ABB719 /* CDWeatherSnapshot+Extensions.swift */,
				052DA23B2E4E0D7E00ABB719 /* ScenicDataModel.xcdatamodeld */,
				052DA1CF2E4BAA5000ABB719 /* App */,
				052DA1D82E4BAA5000ABB719 /* Models */,
				052DA1D92E4BAA5000ABB719 /* Resources */,
				052DA1DE2E4BAA5000ABB719 /* Scenic */,
				052DA1DF2E4BAA5000ABB719 /* Scenic.xcodeproj */,
				052DA1E52E4BAA5000ABB719 /* Services */,
				052DA1E62E4BAA5000ABB719 /* Utilities */,
				052DA1E72E4BAA5000ABB719 /* ViewModels */,
				052DA2042E4BAA5000ABB719 /* Views */,
				052DA1A22E4B9F4600ABB719 /* Scenic */,
				052DA1A12E4B9F4600ABB719 /* Products */,
			);
			sourceTree = "<group>";
		};
		052DA1A12E4B9F4600ABB719 /* Products */ = {
			isa = PBXGroup;
			children = (
				052DA1A02E4B9F4600ABB719 /* Scenic.app */,
				052DA1AD2E4B9F4700ABB719 /* ScenicTests.xctest */,
				052DA1B72E4B9F4700ABB719 /* ScenicUITests.xctest */,
			);
			name = Products;
			sourceTree = "<group>";
		};
		052DA1CF2E4BAA5000ABB719 /* App */ = {
			isa = PBXGroup;
			children = (
				052DA1CC2E4BAA5000ABB719 /* AppState.swift */,
				052DA1CD2E4BAA5000ABB719 /* ContentView.swift */,
				052DA1CE2E4BAA5000ABB719 /* ScenicApp.swift */,
			);
			path = App;
			sourceTree = "<group>";
		};
		052DA1D82E4BAA5000ABB719 /* Models */ = {
			isa = PBXGroup;
			children = (
				052DA1D02E4BAA5000ABB719 /* AccessInfo.swift */,
				052DA1D12E4BAA5000ABB719 /* Comment.swift */,
				052DA1D22E4BAA5000ABB719 /* Media.swift */,
				052DA1D32E4BAA5000ABB719 /* Plan.swift */,
				052DA1D42E4BAA5000ABB719 /* Spot.swift */,
				052DA1D52E4BAA5000ABB719 /* SunSnapshot.swift */,
				052DA1D62E4BAA5000ABB719 /* User.swift */,
				052DA1D72E4BAA5000ABB719 /* WeatherSnapshot.swift */,
			);
			path = Models;
			sourceTree = "<group>";
		};
		052DA1D92E4BAA5000ABB719 /* Resources */ = {
			isa = PBXGroup;
			children = (
			);
			path = Resources;
			sourceTree = "<group>";
		};
		052DA1DE2E4BAA5000ABB719 /* Scenic */ = {
			isa = PBXGroup;
			children = (
				052DA1DA2E4BAA5000ABB719 /* Assets.xcassets */,
				052DA1DC2E4BAA5000ABB719 /* Info.plist */,
			);
			path = Scenic;
			sourceTree = "<group>";
		};
		052DA1E52E4BAA5000ABB719 /* Services */ = {
			isa = PBXGroup;
			children = (
				052DA2542E4E194000ABB719 /* SpotDataService.swift */,
				052DA2372E4E0CC900ABB719 /* PersistenceController.swift */,
				052DA22E2E4BB3FF00ABB719 /* PhotoMetadataExtractor.swift */,
				052DA2572E4E194100ABB719 /* PhotoLoader.swift */,
				052DA2592E4E194200ABB719 /* PhotoCacheService.swift */,
			);
			path = Services;
			sourceTree = "<group>";
		};
		052DA1E62E4BAA5000ABB719 /* Utilities */ = {
			isa = PBXGroup;
			children = (
			);
			path = Utilities;
			sourceTree = "<group>";
		};
		052DA1E72E4BAA5000ABB719 /* ViewModels */ = {
			isa = PBXGroup;
			children = (
			);
			path = ViewModels;
			sourceTree = "<group>";
		};
		052DA1EC2E4BAA5000ABB719 /* Add */ = {
			isa = PBXGroup;
			children = (
				052DA1E82E4BAA5000ABB719 /* AddSpotView.swift */,
				052DA1E92E4BAA5000ABB719 /* MetadataConfirmStep.swift */,
				052DA1EA2E4BAA5000ABB719 /* PublishStep.swift */,
				052DA1EB2E4BAA5000ABB719 /* RouteStep.swift */,
			);
			path = Add;
			sourceTree = "<group>";
		};
		052DA1F22E4BAA5000ABB719 /* Components */ = {
			isa = PBXGroup;
			children = (
				052DA1ED2E4BAA5000ABB719 /* AccessInfoView.swift */,
				052DA1EE2E4BAA5000ABB719 /* CommentRow.swift */,
				052DA1EF2E4BAA5000ABB719 /* ExifDataView.swift */,
				052DA1F02E4BAA5000ABB719 /* SunTimesWidget.swift */,
				052DA1F12E4BAA5000ABB719 /* WeatherWidget.swift */,
			);
			path = Components;
			sourceTree = "<group>";
		};
		052DA1F72E4BAA5000ABB719 /* Home */ = {
			isa = PBXGroup;
			children = (
				052DA1F32E4BAA5000ABB719 /* FilterView.swift */,
				052DA1F42E4BAA5000ABB719 /* HomeView.swift */,
				052DA1F52E4BAA5000ABB719 /* MapView.swift */,
				052DA1F62E4BAA5000ABB719 /* SpotListView.swift */,
			);
			path = Home;
			sourceTree = "<group>";
		};
		052DA1F92E4BAA5000ABB719 /* Journal */ = {
			isa = PBXGroup;
			children = (
				052DA1F82E4BAA5000ABB719 /* JournalView.swift */,
			);
			path = Journal;
			sourceTree = "<group>";
		};
		052DA1FD2E4BAA5000ABB719 /* Plans */ = {
			isa = PBXGroup;
			children = (
				052DA1FA2E4BAA5000ABB719 /* CreatePlanView.swift */,
				052DA1FB2E4BAA5000ABB719 /* PlanDetailView.swift */,
				052DA1FC2E4BAA5000ABB719 /* PlansView.swift */,
			);
			path = Plans;
			sourceTree = "<group>";
		};
		052DA2002E4BAA5000ABB719 /* Profile */ = {
			isa = PBXGroup;
			children = (
				052DA1FE2E4BAA5000ABB719 /* ProfileView.swift */,
				052DA1FF2E4BAA5000ABB719 /* SettingsView.swift */,
			);
			path = Profile;
			sourceTree = "<group>";
		};
		052DA2032E4BAA5000ABB719 /* Spot */ = {
			isa = PBXGroup;
			children = (
				052DA2012E4BAA5000ABB719 /* AddToPlanView.swift */,
				052DA2022E4BAA5000ABB719 /* SpotDetailView.swift */,
			);
			path = Spot;
			sourceTree = "<group>";
		};
		052DA2042E4BAA5000ABB719 /* Views */ = {
			isa = PBXGroup;
			children = (
				054BB2F32E4E641200CA52C4 /* Shared */,
				052DA1EC2E4BAA5000ABB719 /* Add */,
				052DA1F22E4BAA5000ABB719 /* Components */,
				052DA1F72E4BAA5000ABB719 /* Home */,
				052DA1F92E4BAA5000ABB719 /* Journal */,
				052DA1FD2E4BAA5000ABB719 /* Plans */,
				052DA2002E4BAA5000ABB719 /* Profile */,
				052DA2032E4BAA5000ABB719 /* Spot */,
			);
			path = Views;
			sourceTree = "<group>";
		};
		052DA2052E4BAA5000ABB719 /* Products */ = {
			isa = PBXGroup;
			name = Products;
			sourceTree = "<group>";
		};
		054BB2F32E4E641200CA52C4 /* Shared */ = {
			isa = PBXGroup;
			children = (
				054BB2F02E4E641200CA52C4 /* AsyncPhotoView.swift */,
				054BB2F12E4E641200CA52C4 /* CachedPhotoView.swift */,
				054BB2F22E4E641200CA52C4 /* UnifiedPhotoView.swift */,
			);
			path = Shared;
			sourceTree = "<group>";
		};
/* End PBXGroup section */

/* Begin PBXNativeTarget section */
		052DA19F2E4B9F4600ABB719 /* Scenic */ = {
			isa = PBXNativeTarget;
			buildConfigurationList = 052DA1C12E4B9F4700ABB719 /* Build configuration list for PBXNativeTarget "Scenic" */;
			buildPhases = (
				052DA19C2E4B9F4600ABB719 /* Sources */,
				052DA19D2E4B9F4600ABB719 /* Frameworks */,
				052DA19E2E4B9F4600ABB719 /* Resources */,
			);
			buildRules = (
			);
			dependencies = (
			);
			fileSystemSynchronizedGroups = (
				052DA1A22E4B9F4600ABB719 /* Scenic */,
			);
			name = Scenic;
			packageProductDependencies = (
			);
			productName = Scenic;
			productReference = 052DA1A02E4B9F4600ABB719 /* Scenic.app */;
			productType = "com.apple.product-type.application";
		};
		052DA1AC2E4B9F4700ABB719 /* ScenicTests */ = {
			isa = PBXNativeTarget;
			buildConfigurationList = 052DA1C42E4B9F4700ABB719 /* Build configuration list for PBXNativeTarget "ScenicTests" */;
			buildPhases = (
				052DA1A92E4B9F4700ABB719 /* Sources */,
				052DA1AA2E4B9F4700ABB719 /* Frameworks */,
				052DA1AB2E4B9F4700ABB719 /* Resources */,
			);
			buildRules = (
			);
			dependencies = (
				052DA1AF2E4B9F4700ABB719 /* PBXTargetDependency */,
			);
			name = ScenicTests;
			packageProductDependencies = (
			);
			productName = ScenicTests;
			productReference = 052DA1AD2E4B9F4700ABB719 /* ScenicTests.xctest */;
			productType = "com.apple.product-type.bundle.unit-test";
		};
		052DA1B62E4B9F4700ABB719 /* ScenicUITests */ = {
			isa = PBXNativeTarget;
			buildConfigurationList = 052DA1C72E4B9F4700ABB719 /* Build configuration list for PBXNativeTarget "ScenicUITests" */;
			buildPhases = (
				052DA1B32E4B9F4700ABB719 /* Sources */,
				052DA1B42E4B9F4700ABB719 /* Frameworks */,
				052DA1B52E4B9F4700ABB719 /* Resources */,
			);
			buildRules = (
			);
			dependencies = (
				052DA1B92E4B9F4700ABB719 /* PBXTargetDependency */,
			);
			name = ScenicUITests;
			packageProductDependencies = (
			);
			productName = ScenicUITests;
			productReference = 052DA1B72E4B9F4700ABB719 /* ScenicUITests.xctest */;
			productType = "com.apple.product-type.bundle.ui-testing";
		};
/* End PBXNativeTarget section */

/* Begin PBXProject section */
		052DA1982E4B9F4600ABB719 /* Project object */ = {
			isa = PBXProject;
			attributes = {
				BuildIndependentTargetsInParallel = 1;
				LastSwiftUpdateCheck = 1640;
				LastUpgradeCheck = 1640;
				TargetAttributes = {
					052DA19F2E4B9F4600ABB719 = {
						CreatedOnToolsVersion = 16.4;
					};
					052DA1AC2E4B9F4700ABB719 = {
						CreatedOnToolsVersion = 16.4;
						TestTargetID = 052DA19F2E4B9F4600ABB719;
					};
					052DA1B62E4B9F4700ABB719 = {
						CreatedOnToolsVersion = 16.4;
						TestTargetID = 052DA19F2E4B9F4600ABB719;
					};
				};
			};
			buildConfigurationList = 052DA19B2E4B9F4600ABB719 /* Build configuration list for PBXProject "Scenic" */;
			developmentRegion = en;
			hasScannedForEncodings = 0;
			knownRegions = (
				en,
				Base,
			);
			mainGroup = 052DA1972E4B9F4600ABB719;
			minimizedProjectReferenceProxies = 1;
			preferredProjectObjectVersion = 77;
			productRefGroup = 052DA1A12E4B9F4600ABB719 /* Products */;
			projectDirPath = "";
			projectReferences = (
				{
					ProductGroup = 052DA2052E4BAA5000ABB719 /* Products */;
					ProjectRef = 052DA1DF2E4BAA5000ABB719 /* Scenic.xcodeproj */;
				},
			);
			projectRoot = "";
			targets = (
				052DA19F2E4B9F4600ABB719 /* Scenic */,
				052DA1AC2E4B9F4700ABB719 /* ScenicTests */,
				052DA1B62E4B9F4700ABB719 /* ScenicUITests */,
			);
		};
/* End PBXProject section */

/* Begin PBXResourcesBuildPhase section */
		052DA19E2E4B9F4600ABB719 /* Resources */ = {
			isa = PBXResourcesBuildPhase;
			buildActionMask = 2147483647;
			files = (
			);
			runOnlyForDeploymentPostprocessing = 0;
		};
		052DA1AB2E4B9F4700ABB719 /* Resources */ = {
			isa = PBXResourcesBuildPhase;
			buildActionMask = 2147483647;
			files = (
			);
			runOnlyForDeploymentPostprocessing = 0;
		};
		052DA1B52E4B9F4700ABB719 /* Resources */ = {
			isa = PBXResourcesBuildPhase;
			buildActionMask = 2147483647;
			files = (
			);
			runOnlyForDeploymentPostprocessing = 0;
		};
/* End PBXResourcesBuildPhase section */

/* Begin PBXSourcesBuildPhase section */
		052DA19C2E4B9F4600ABB719 /* Sources */ = {
			isa = PBXSourcesBuildPhase;
			buildActionMask = 2147483647;
			files = (
				052DA2072E4BAA5000ABB719 /* Media.swift in Sources */,
				052DA2082E4BAA5000ABB719 /* SpotDetailView.swift in Sources */,
				052DA2552E4E194000ABB719 /* SpotDataService.swift in Sources */,
				052DA2562E4E194100ABB719 /* PhotoLoader.swift in Sources */,
				052DA2582E4E194200ABB719 /* PhotoCacheService.swift in Sources */,
				054BB2F42E4E641200CA52C4 /* CachedPhotoView.swift in Sources */,
				054BB2F52E4E641200CA52C4 /* AsyncPhotoView.swift in Sources */,
				054BB2F62E4E641200CA52C4 /* UnifiedPhotoView.swift in Sources */,
				052DA20A2E4BAA5000ABB719 /* CommentRow.swift in Sources */,
				052DA20B2E4BAA5000ABB719 /* JournalView.swift in Sources */,
				052DA20C2E4BAA5000ABB719 /* SunSnapshot.swift in Sources */,
				052DA20D2E4BAA5000ABB719 /* ExifDataView.swift in Sources */,
				052DA20E2E4BAA5000ABB719 /* AccessInfo.swift in Sources */,
				052DA2102E4BAA5000ABB719 /* FilterView.swift in Sources */,
				052DA23D2E4E0D7E00ABB719 /* ScenicDataModel.xcdatamodeld in Sources */,
				052DA2112E4BAA5000ABB719 /* PlansView.swift in Sources */,
				052DA2122E4BAA5000ABB719 /* ContentView.swift in Sources */,
				052DA2132E4BAA5000ABB719 /* Spot.swift in Sources */,
				052DA2142E4BAA5000ABB719 /* Plan.swift in Sources */,
				052DA2152E4BAA5000ABB719 /* Comment.swift in Sources */,
				052DA2162E4BAA5000ABB719 /* CreatePlanView.swift in Sources */,
				052DA24F2E4E193200ABB719 /* CDSunSnapshot+Extensions.swift in Sources */,
				052DA2512E4E193200ABB719 /* CDWeatherSnapshot+Extensions.swift in Sources */,
				052DA2522E4E193200ABB719 /* CDAccessInfo+Extensions.swift in Sources */,
				052DA2532E4E193200ABB719 /* CDMedia+Extensions.swift in Sources */,
				052DA25A2E4E194300ABB719 /* CDSpot+Extensions.swift in Sources */,
				052DA2182E4BAA5000ABB719 /* SettingsView.swift in Sources */,
				052DA2192E4BAA5000ABB719 /* ProfileView.swift in Sources */,
				052DA21A2E4BAA5000ABB719 /* AddSpotView.swift in Sources */,
				052DA21B2E4BAA5000ABB719 /* SpotListView.swift in Sources */,
				052DA21C2E4BAA5000ABB719 /* HomeView.swift in Sources */,
				052DA21D2E4BAA5000ABB719 /* PlanDetailView.swift in Sources */,
				052DA21F2E4BAA5000ABB719 /* User.swift in Sources */,
				052DA2202E4BAA5000ABB719 /* RouteStep.swift in Sources */,
				052DA2212E4BAA5000ABB719 /* MapView.swift in Sources */,
				052DA2222E4BAA5000ABB719 /* MetadataConfirmStep.swift in Sources */,
				052DA2242E4BAA5000ABB719 /* AddToPlanView.swift in Sources */,
				052DA2252E4BAA5000ABB719 /* WeatherSnapshot.swift in Sources */,
				052DA22F2E4BB3FF00ABB719 /* PhotoMetadataExtractor.swift in Sources */,
				052DA2262E4BAA5000ABB719 /* ScenicApp.swift in Sources */,
				052DA2272E4BAA5000ABB719 /* PublishStep.swift in Sources */,
				052DA2282E4BAA5000ABB719 /* SunTimesWidget.swift in Sources */,
				052DA2292E4BAA5000ABB719 /* AppState.swift in Sources */,
				052DA23A2E4E0CC900ABB719 /* PersistenceController.swift in Sources */,
				052DA22A2E4BAA5000ABB719 /* WeatherWidget.swift in Sources */,
				052DA22B2E4BAA5000ABB719 /* AccessInfoView.swift in Sources */,
			);
			runOnlyForDeploymentPostprocessing = 0;
		};
		052DA1A92E4B9F4700ABB719 /* Sources */ = {
			isa = PBXSourcesBuildPhase;
			buildActionMask = 2147483647;
			files = (
			);
			runOnlyForDeploymentPostprocessing = 0;
		};
		052DA1B32E4B9F4700ABB719 /* Sources */ = {
			isa = PBXSourcesBuildPhase;
			buildActionMask = 2147483647;
			files = (
			);
			runOnlyForDeploymentPostprocessing = 0;
		};
/* End PBXSourcesBuildPhase section */

/* Begin PBXTargetDependency section */
		052DA1AF2E4B9F4700ABB719 /* PBXTargetDependency */ = {
			isa = PBXTargetDependency;
			target = 052DA19F2E4B9F4600ABB719 /* Scenic */;
			targetProxy = 052DA1AE2E4B9F4700ABB719 /* PBXContainerItemProxy */;
		};
		052DA1B92E4B9F4700ABB719 /* PBXTargetDependency */ = {
			isa = PBXTargetDependency;
			target = 052DA19F2E4B9F4600ABB719 /* Scenic */;
			targetProxy = 052DA1B82E4B9F4700ABB719 /* PBXContainerItemProxy */;
		};
/* End PBXTargetDependency section */

/* Begin XCBuildConfiguration section */
		052DA1BF2E4B9F4700ABB719 /* Debug */ = {
			isa = XCBuildConfiguration;
			buildSettings = {
				ALWAYS_SEARCH_USER_PATHS = NO;
				ASSETCATALOG_COMPILER_GENERATE_SWIFT_ASSET_SYMBOL_EXTENSIONS = YES;
				CLANG_ANALYZER_NONNULL = YES;
				CLANG_ANALYZER_NUMBER_OBJECT_CONVERSION = YES_AGGRESSIVE;
				CLANG_CXX_LANGUAGE_STANDARD = "gnu++20";
				CLANG_ENABLE_MODULES = YES;
				CLANG_ENABLE_OBJC_ARC = YES;
				CLANG_ENABLE_OBJC_WEAK = YES;
				CLANG_WARN_BLOCK_CAPTURE_AUTORELEASING = YES;
				CLANG_WARN_BOOL_CONVERSION = YES;
				CLANG_WARN_COMMA = YES;
				CLANG_WARN_CONSTANT_CONVERSION = YES;
				CLANG_WARN_DEPRECATED_OBJC_IMPLEMENTATIONS = YES;
				CLANG_WARN_DIRECT_OBJC_ISA_USAGE = YES_ERROR;
				CLANG_WARN_DOCUMENTATION_COMMENTS = YES;
				CLANG_WARN_EMPTY_BODY = YES;
				CLANG_WARN_ENUM_CONVERSION = YES;
				CLANG_WARN_INFINITE_RECURSION = YES;
				CLANG_WARN_INT_CONVERSION = YES;
				CLANG_WARN_NON_LITERAL_NULL_CONVERSION = YES;
				CLANG_WARN_OBJC_IMPLICIT_RETAIN_SELF = YES;
				CLANG_WARN_OBJC_LITERAL_CONVERSION = YES;
				CLANG_WARN_OBJC_ROOT_CLASS = YES_ERROR;
				CLANG_WARN_QUOTED_INCLUDE_IN_FRAMEWORK_HEADER = YES;
				CLANG_WARN_RANGE_LOOP_ANALYSIS = YES;
				CLANG_WARN_STRICT_PROTOTYPES = YES;
				CLANG_WARN_SUSPICIOUS_MOVE = YES;
				CLANG_WARN_UNGUARDED_AVAILABILITY = YES_AGGRESSIVE;
				CLANG_WARN_UNREACHABLE_CODE = YES;
				CLANG_WARN__DUPLICATE_METHOD_MATCH = YES;
				COPY_PHASE_STRIP = NO;
				DEBUG_INFORMATION_FORMAT = dwarf;
				DEVELOPMENT_TEAM = 55VJA96VBJ;
				ENABLE_STRICT_OBJC_MSGSEND = YES;
				ENABLE_TESTABILITY = YES;
				ENABLE_USER_SCRIPT_SANDBOXING = YES;
				GCC_C_LANGUAGE_STANDARD = gnu17;
				GCC_DYNAMIC_NO_PIC = NO;
				GCC_NO_COMMON_BLOCKS = YES;
				GCC_OPTIMIZATION_LEVEL = 0;
				GCC_PREPROCESSOR_DEFINITIONS = (
					"DEBUG=1",
					"$(inherited)",
				);
				GCC_WARN_64_TO_32_BIT_CONVERSION = YES;
				GCC_WARN_ABOUT_RETURN_TYPE = YES_ERROR;
				GCC_WARN_UNDECLARED_SELECTOR = YES;
				GCC_WARN_UNINITIALIZED_AUTOS = YES_AGGRESSIVE;
				GCC_WARN_UNUSED_FUNCTION = YES;
				GCC_WARN_UNUSED_VARIABLE = YES;
				IPHONEOS_DEPLOYMENT_TARGET = 18.5;
				LOCALIZATION_PREFERS_STRING_CATALOGS = YES;
				MTL_ENABLE_DEBUG_INFO = INCLUDE_SOURCE;
				MTL_FAST_MATH = YES;
				ONLY_ACTIVE_ARCH = YES;
				SDKROOT = iphoneos;
				SWIFT_ACTIVE_COMPILATION_CONDITIONS = "DEBUG $(inherited)";
				SWIFT_OPTIMIZATION_LEVEL = "-Onone";
			};
			name = Debug;
		};
		052DA1C02E4B9F4700ABB719 /* Release */ = {
			isa = XCBuildConfiguration;
			buildSettings = {
				ALWAYS_SEARCH_USER_PATHS = NO;
				ASSETCATALOG_COMPILER_GENERATE_SWIFT_ASSET_SYMBOL_EXTENSIONS = YES;
				CLANG_ANALYZER_NONNULL = YES;
				CLANG_ANALYZER_NUMBER_OBJECT_CONVERSION = YES_AGGRESSIVE;
				CLANG_CXX_LANGUAGE_STANDARD = "gnu++20";
				CLANG_ENABLE_MODULES = YES;
				CLANG_ENABLE_OBJC_ARC = YES;
				CLANG_ENABLE_OBJC_WEAK = YES;
				CLANG_WARN_BLOCK_CAPTURE_AUTORELEASING = YES;
				CLANG_WARN_BOOL_CONVERSION = YES;
				CLANG_WARN_COMMA = YES;
				CLANG_WARN_CONSTANT_CONVERSION = YES;
				CLANG_WARN_DEPRECATED_OBJC_IMPLEMENTATIONS = YES;
				CLANG_WARN_DIRECT_OBJC_ISA_USAGE = YES_ERROR;
				CLANG_WARN_DOCUMENTATION_COMMENTS = YES;
				CLANG_WARN_EMPTY_BODY = YES;
				CLANG_WARN_ENUM_CONVERSION = YES;
				CLANG_WARN_INFINITE_RECURSION = YES;
				CLANG_WARN_INT_CONVERSION = YES;
				CLANG_WARN_NON_LITERAL_NULL_CONVERSION = YES;
				CLANG_WARN_OBJC_IMPLICIT_RETAIN_SELF = YES;
				CLANG_WARN_OBJC_LITERAL_CONVERSION = YES;
				CLANG_WARN_OBJC_ROOT_CLASS = YES_ERROR;
				CLANG_WARN_QUOTED_INCLUDE_IN_FRAMEWORK_HEADER = YES;
				CLANG_WARN_RANGE_LOOP_ANALYSIS = YES;
				CLANG_WARN_STRICT_PROTOTYPES = YES;
				CLANG_WARN_SUSPICIOUS_MOVE = YES;
				CLANG_WARN_UNGUARDED_AVAILABILITY = YES_AGGRESSIVE;
				CLANG_WARN_UNREACHABLE_CODE = YES;
				CLANG_WARN__DUPLICATE_METHOD_MATCH = YES;
				COPY_PHASE_STRIP = NO;
				DEBUG_INFORMATION_FORMAT = "dwarf-with-dsym";
				DEVELOPMENT_TEAM = 55VJA96VBJ;
				ENABLE_NS_ASSERTIONS = NO;
				ENABLE_STRICT_OBJC_MSGSEND = YES;
				ENABLE_USER_SCRIPT_SANDBOXING = YES;
				GCC_C_LANGUAGE_STANDARD = gnu17;
				GCC_NO_COMMON_BLOCKS = YES;
				GCC_WARN_64_TO_32_BIT_CONVERSION = YES;
				GCC_WARN_ABOUT_RETURN_TYPE = YES_ERROR;
				GCC_WARN_UNDECLARED_SELECTOR = YES;
				GCC_WARN_UNINITIALIZED_AUTOS = YES_AGGRESSIVE;
				GCC_WARN_UNUSED_FUNCTION = YES;
				GCC_WARN_UNUSED_VARIABLE = YES;
				IPHONEOS_DEPLOYMENT_TARGET = 18.5;
				LOCALIZATION_PREFERS_STRING_CATALOGS = YES;
				MTL_ENABLE_DEBUG_INFO = NO;
				MTL_FAST_MATH = YES;
				SDKROOT = iphoneos;
				SWIFT_COMPILATION_MODE = wholemodule;
				VALIDATE_PRODUCT = YES;
			};
			name = Release;
		};
		052DA1C22E4B9F4700ABB719 /* Debug */ = {
			isa = XCBuildConfiguration;
			buildSettings = {
				ASSETCATALOG_COMPILER_APPICON_NAME = AppIcon;
				ASSETCATALOG_COMPILER_GLOBAL_ACCENT_COLOR_NAME = AccentColor;
				CODE_SIGN_STYLE = Automatic;
				CURRENT_PROJECT_VERSION = 1;
				DEVELOPMENT_TEAM = 55VJA96VBJ;
				ENABLE_PREVIEWS = YES;
				GENERATE_INFOPLIST_FILE = YES;
				INFOPLIST_FILE = Scenic/Info.plist;
				INFOPLIST_KEY_UIApplicationSceneManifest_Generation = YES;
				INFOPLIST_KEY_UIApplicationSupportsIndirectInputEvents = YES;
				INFOPLIST_KEY_UILaunchScreen_Generation = YES;
				INFOPLIST_KEY_UISupportedInterfaceOrientations_iPad = "UIInterfaceOrientationPortrait UIInterfaceOrientationPortraitUpsideDown UIInterfaceOrientationLandscapeLeft UIInterfaceOrientationLandscapeRight";
				INFOPLIST_KEY_UISupportedInterfaceOrientations_iPhone = "UIInterfaceOrientationPortrait UIInterfaceOrientationLandscapeLeft UIInterfaceOrientationLandscapeRight";
				IPHONEOS_DEPLOYMENT_TARGET = 17.6;
				LD_RUNPATH_SEARCH_PATHS = (
					"$(inherited)",
					"@executable_path/Frameworks",
				);
				MARKETING_VERSION = 1.0;
				PRODUCT_BUNDLE_IDENTIFIER = shirfamily.com.Scenic;
				PRODUCT_NAME = "$(TARGET_NAME)";
				SWIFT_EMIT_LOC_STRINGS = YES;
				SWIFT_VERSION = 5.0;
				TARGETED_DEVICE_FAMILY = "1,2";
			};
			name = Debug;
		};
		052DA1C32E4B9F4700ABB719 /* Release */ = {
			isa = XCBuildConfiguration;
			buildSettings = {
				ASSETCATALOG_COMPILER_APPICON_NAME = AppIcon;
				ASSETCATALOG_COMPILER_GLOBAL_ACCENT_COLOR_NAME = AccentColor;
				CODE_SIGN_STYLE = Automatic;
				CURRENT_PROJECT_VERSION = 1;
				DEVELOPMENT_TEAM = 55VJA96VBJ;
				ENABLE_PREVIEWS = YES;
				GENERATE_INFOPLIST_FILE = YES;
				INFOPLIST_FILE = Scenic/Info.plist;
				INFOPLIST_KEY_UIApplicationSceneManifest_Generation = YES;
				INFOPLIST_KEY_UIApplicationSupportsIndirectInputEvents = YES;
				INFOPLIST_KEY_UILaunchScreen_Generation = YES;
				INFOPLIST_KEY_UISupportedInterfaceOrientations_iPad = "UIInterfaceOrientationPortrait UIInterfaceOrientationPortraitUpsideDown UIInterfaceOrientationLandscapeLeft UIInterfaceOrientationLandscapeRight";
				INFOPLIST_KEY_UISupportedInterfaceOrientations_iPhone = "UIInterfaceOrientationPortrait UIInterfaceOrientationLandscapeLeft UIInterfaceOrientationLandscapeRight";
				IPHONEOS_DEPLOYMENT_TARGET = 17.6;
				LD_RUNPATH_SEARCH_PATHS = (
					"$(inherited)",
					"@executable_path/Frameworks",
				);
				MARKETING_VERSION = 1.0;
				PRODUCT_BUNDLE_IDENTIFIER = shirfamily.com.Scenic;
				PRODUCT_NAME = "$(TARGET_NAME)";
				SWIFT_EMIT_LOC_STRINGS = YES;
				SWIFT_VERSION = 5.0;
				TARGETED_DEVICE_FAMILY = "1,2";
			};
			name = Release;
		};
		052DA1C52E4B9F4700ABB719 /* Debug */ = {
			isa = XCBuildConfiguration;
			buildSettings = {
				BUNDLE_LOADER = "$(TEST_HOST)";
				CODE_SIGN_STYLE = Automatic;
				CURRENT_PROJECT_VERSION = 1;
				DEVELOPMENT_TEAM = 55VJA96VBJ;
				GENERATE_INFOPLIST_FILE = YES;
				IPHONEOS_DEPLOYMENT_TARGET = 18.5;
				MARKETING_VERSION = 1.0;
				PRODUCT_BUNDLE_IDENTIFIER = shirfamily.com.ScenicTests;
				PRODUCT_NAME = "$(TARGET_NAME)";
				SWIFT_EMIT_LOC_STRINGS = NO;
				SWIFT_VERSION = 5.0;
				TARGETED_DEVICE_FAMILY = "1,2";
				TEST_HOST = "$(BUILT_PRODUCTS_DIR)/Scenic.app/$(BUNDLE_EXECUTABLE_FOLDER_PATH)/Scenic";
			};
			name = Debug;
		};
		052DA1C62E4B9F4700ABB719 /* Release */ = {
			isa = XCBuildConfiguration;
			buildSettings = {
				BUNDLE_LOADER = "$(TEST_HOST)";
				CODE_SIGN_STYLE = Automatic;
				CURRENT_PROJECT_VERSION = 1;
				DEVELOPMENT_TEAM = 55VJA96VBJ;
				GENERATE_INFOPLIST_FILE = YES;
				IPHONEOS_DEPLOYMENT_TARGET = 18.5;
				MARKETING_VERSION = 1.0;
				PRODUCT_BUNDLE_IDENTIFIER = shirfamily.com.ScenicTests;
				PRODUCT_NAME = "$(TARGET_NAME)";
				SWIFT_EMIT_LOC_STRINGS = NO;
				SWIFT_VERSION = 5.0;
				TARGETED_DEVICE_FAMILY = "1,2";
				TEST_HOST = "$(BUILT_PRODUCTS_DIR)/Scenic.app/$(BUNDLE_EXECUTABLE_FOLDER_PATH)/Scenic";
			};
			name = Release;
		};
		052DA1C82E4B9F4700ABB719 /* Debug */ = {
			isa = XCBuildConfiguration;
			buildSettings = {
				CODE_SIGN_STYLE = Automatic;
				CURRENT_PROJECT_VERSION = 1;
				DEVELOPMENT_TEAM = 55VJA96VBJ;
				GENERATE_INFOPLIST_FILE = YES;
				MARKETING_VERSION = 1.0;
				PRODUCT_BUNDLE_IDENTIFIER = shirfamily.com.ScenicUITests;
				PRODUCT_NAME = "$(TARGET_NAME)";
				SWIFT_EMIT_LOC_STRINGS = NO;
				SWIFT_VERSION = 5.0;
				TARGETED_DEVICE_FAMILY = "1,2";
				TEST_TARGET_NAME = Scenic;
			};
			name = Debug;
		};
		052DA1C92E4B9F4700ABB719 /* Release */ = {
			isa = XCBuildConfiguration;
			buildSettings = {
				CODE_SIGN_STYLE = Automatic;
				CURRENT_PROJECT_VERSION = 1;
				DEVELOPMENT_TEAM = 55VJA96VBJ;
				GENERATE_INFOPLIST_FILE = YES;
				MARKETING_VERSION = 1.0;
				PRODUCT_BUNDLE_IDENTIFIER = shirfamily.com.ScenicUITests;
				PRODUCT_NAME = "$(TARGET_NAME)";
				SWIFT_EMIT_LOC_STRINGS = NO;
				SWIFT_VERSION = 5.0;
				TARGETED_DEVICE_FAMILY = "1,2";
				TEST_TARGET_NAME = Scenic;
			};
			name = Release;
		};
/* End XCBuildConfiguration section */

/* Begin XCConfigurationList section */
		052DA19B2E4B9F4600ABB719 /* Build configuration list for PBXProject "Scenic" */ = {
			isa = XCConfigurationList;
			buildConfigurations = (
				052DA1BF2E4B9F4700ABB719 /* Debug */,
				052DA1C02E4B9F4700ABB719 /* Release */,
			);
			defaultConfigurationIsVisible = 0;
			defaultConfigurationName = Release;
		};
		052DA1C12E4B9F4700ABB719 /* Build configuration list for PBXNativeTarget "Scenic" */ = {
			isa = XCConfigurationList;
			buildConfigurations = (
				052DA1C22E4B9F4700ABB719 /* Debug */,
				052DA1C32E4B9F4700ABB719 /* Release */,
			);
			defaultConfigurationIsVisible = 0;
			defaultConfigurationName = Release;
		};
		052DA1C42E4B9F4700ABB719 /* Build configuration list for PBXNativeTarget "ScenicTests" */ = {
			isa = XCConfigurationList;
			buildConfigurations = (
				052DA1C52E4B9F4700ABB719 /* Debug */,
				052DA1C62E4B9F4700ABB719 /* Release */,
			);
			defaultConfigurationIsVisible = 0;
			defaultConfigurationName = Release;
		};
		052DA1C72E4B9F4700ABB719 /* Build configuration list for PBXNativeTarget "ScenicUITests" */ = {
			isa = XCConfigurationList;
			buildConfigurations = (
				052DA1C82E4B9F4700ABB719 /* Debug */,
				052DA1C92E4B9F4700ABB719 /* Release */,
			);
			defaultConfigurationIsVisible = 0;
			defaultConfigurationName = Release;
		};
/* End XCConfigurationList section */

/* Begin XCVersionGroup section */
		052DA23B2E4E0D7E00ABB719 /* ScenicDataModel.xcdatamodeld */ = {
			isa = XCVersionGroup;
			children = (
				052DA23C2E4E0D7E00ABB719 /* ScenicDataModel.xcdatamodel */,
			);
			currentVersion = 052DA23C2E4E0D7E00ABB719 /* ScenicDataModel.xcdatamodel */;
			path = ScenicDataModel.xcdatamodeld;
			sourceTree = "<group>";
			versionGroupType = wrapper.xcdatamodel;
		};
/* End XCVersionGroup section */
	};
	rootObject = 052DA1982E4B9F4600ABB719 /* Project object */;
}
